# THIS IS AN AUTOGENERATED FILE. DO NOT EDIT THIS FILE DIRECTLY.
# yarn lockfile v1


"@types/node@^10.1.2":
  version "10.14.4"
  resolved "https://registry.yarnpkg.com/@types/node/-/node-10.14.4.tgz#1c586b991457cbb58fef51bc4e0cfcfa347714b5"

accept@2.x.x:
  version "2.1.4"
  resolved "https://registry.yarnpkg.com/accept/-/accept-2.1.4.tgz#887af54ceee5c7f4430461971ec400c61d09acbb"
  dependencies:
    boom "5.x.x"
    hoek "4.x.x"

ammo@2.x.x:
  version "2.0.4"
  resolved "https://registry.yarnpkg.com/ammo/-/ammo-2.0.4.tgz#bf80aab211698ea78f63ef5e7f113dd5d9e8917f"
  dependencies:
    boom "5.x.x"
    hoek "4.x.x"

b64@3.x.x:
  version "3.0.3"
  resolved "https://registry.yarnpkg.com/b64/-/b64-3.0.3.tgz#36afeee0d9345f046387ce6de8a6702afe5bb56e"

babel-runtime@6.26.0:
  version "6.26.0"
  resolved "https://registry.yarnpkg.com/babel-runtime/-/babel-runtime-6.26.0.tgz#965c7058668e82b55d7bfe04ff2337bc8b5647fe"
  dependencies:
    core-js "^2.4.0"
    regenerator-runtime "^0.11.0"

base-x@^3.0.2:
  version "3.0.5"
  resolved "https://registry.yarnpkg.com/base-x/-/base-x-3.0.5.tgz#d3ada59afed05b921ab581ec3112e6444ba0795a"
  dependencies:
    safe-buffer "^5.0.1"

bigi@^1.1.0, bigi@^1.4.2:
  version "1.4.2"
  resolved "https://registry.yarnpkg.com/bigi/-/bigi-1.4.2.tgz#9c665a95f88b8b08fc05cfd731f561859d725825"

boom@5.x.x:
  version "5.2.0"
  resolved "https://registry.yarnpkg.com/boom/-/boom-5.2.0.tgz#5dd9da6ee3a5f302077436290cb717d3f4a54e02"
  dependencies:
    hoek "4.x.x"

boom@7.x.x, boom@^7.3.0:
  version "7.3.0"
  resolved "https://registry.yarnpkg.com/boom/-/boom-7.3.0.tgz#733a6d956d33b0b1999da3fe6c12996950d017b9"
  dependencies:
    hoek "6.x.x"

bourne@1.x.x:
  version "1.1.2"
  resolved "https://registry.yarnpkg.com/bourne/-/bourne-1.1.2.tgz#e290b5bd7166635632eaf8ef12b006b2d4a75b83"

browserify-aes@^1.0.6:
  version "1.2.0"
  resolved "https://registry.yarnpkg.com/browserify-aes/-/browserify-aes-1.2.0.tgz#326734642f403dabc3003209853bb70ad428ef48"
  dependencies:
    buffer-xor "^1.0.3"
    cipher-base "^1.0.0"
    create-hash "^1.1.0"
    evp_bytestokey "^1.0.3"
    inherits "^2.0.1"
    safe-buffer "^5.0.1"

bs58@^4.0.1:
  version "4.0.1"
  resolved "https://registry.yarnpkg.com/bs58/-/bs58-4.0.1.tgz#be161e76c354f6f788ae4071f63f34e8c4f0a42a"
  dependencies:
    base-x "^3.0.2"

buffer-equal-constant-time@1.0.1:
  version "1.0.1"
  resolved "https://registry.yarnpkg.com/buffer-equal-constant-time/-/buffer-equal-constant-time-1.0.1.tgz#f8e71132f7ffe6e01a5c9697a4c6f3e48d5cc819"

buffer-xor@^1.0.3:
  version "1.0.3"
  resolved "https://registry.yarnpkg.com/buffer-xor/-/buffer-xor-1.0.3.tgz#26e61ed1422fb70dd42e6e36729ed51d855fe8d9"

bytebuffer@^5.0.1:
  version "5.0.1"
  resolved "https://registry.yarnpkg.com/bytebuffer/-/bytebuffer-5.0.1.tgz#582eea4b1a873b6d020a48d58df85f0bba6cfddd"
  dependencies:
    long "~3"

call@4.x.x:
  version "4.0.2"
  resolved "https://registry.yarnpkg.com/call/-/call-4.0.2.tgz#df76f5f51ee8dd48b856ac8400f7e69e6d7399c4"
  dependencies:
    boom "5.x.x"
    hoek "4.x.x"

catbox-memory@2.x.x:
  version "2.0.4"
  resolved "https://registry.yarnpkg.com/catbox-memory/-/catbox-memory-2.0.4.tgz#433e255902caf54233d1286429c8f4df14e822d5"
  dependencies:
    hoek "4.x.x"

catbox@7.x.x:
  version "7.1.5"
  resolved "https://registry.yarnpkg.com/catbox/-/catbox-7.1.5.tgz#c56f7e8e9555d27c0dc038a96ef73e57d186bb1f"
  dependencies:
    boom "5.x.x"
    hoek "4.x.x"
    joi "10.x.x"

cipher-base@^1.0.0, cipher-base@^1.0.1, cipher-base@^1.0.3:
  version "1.0.4"
  resolved "https://registry.yarnpkg.com/cipher-base/-/cipher-base-1.0.4.tgz#8760e4ecc272f4c363532f926d874aae2c1397de"
  dependencies:
    inherits "^2.0.1"
    safe-buffer "^5.0.1"

cluster-key-slot@^1.0.6:
  version "1.0.12"
  resolved "https://registry.yarnpkg.com/cluster-key-slot/-/cluster-key-slot-1.0.12.tgz#d5deff2a520717bc98313979b687309b2d368e29"

content@3.x.x:
  version "3.0.7"
  resolved "https://registry.yarnpkg.com/content/-/content-3.0.7.tgz#0cbb88e82702d35ccf59800b8add609bb5c1dfc2"
  dependencies:
    boom "5.x.x"

core-js@^2.4.0:
  version "2.6.5"
  resolved "https://registry.yarnpkg.com/core-js/-/core-js-2.6.5.tgz#44bc8d249e7fb2ff5d00e0341a7ffb94fbf67895"

create-hash@^1.1.0, create-hash@^1.1.3:
  version "1.2.0"
  resolved "https://registry.yarnpkg.com/create-hash/-/create-hash-1.2.0.tgz#889078af11a63756bcfb59bd221996be3a9ef196"
  dependencies:
    cipher-base "^1.0.1"
    inherits "^2.0.1"
    md5.js "^1.3.4"
    ripemd160 "^2.0.1"
    sha.js "^2.4.0"

create-hmac@^1.1.6:
  version "1.1.7"
  resolved "https://registry.yarnpkg.com/create-hmac/-/create-hmac-1.1.7.tgz#69170c78b3ab957147b2b8b04572e47ead2243ff"
  dependencies:
    cipher-base "^1.0.3"
    create-hash "^1.1.0"
    inherits "^2.0.1"
    ripemd160 "^2.0.0"
    safe-buffer "^5.0.1"
    sha.js "^2.4.8"

cryptiles@3.x.x:
  version "3.1.4"
  resolved "https://registry.yarnpkg.com/cryptiles/-/cryptiles-3.1.4.tgz#769a68c95612b56faadfcebf57ac86479cbe8322"
  dependencies:
    boom "5.x.x"

cryptiles@^4.1.3:
  version "4.1.3"
  resolved "https://registry.yarnpkg.com/cryptiles/-/cryptiles-4.1.3.tgz#2461d3390ea0b82c643a6ba79f0ed491b0934c25"
  dependencies:
    boom "7.x.x"

debug@^3.1.0:
  version "3.2.6"
  resolved "https://registry.yarnpkg.com/debug/-/debug-3.2.6.tgz#e83d17de16d8a7efb7717edbe5fb10135eee629b"
  dependencies:
    ms "^2.1.1"

debug@^4.0.1:
  version "4.1.1"
  resolved "https://registry.yarnpkg.com/debug/-/debug-4.1.1.tgz#3b72260255109c6b589cee050f1d516139664791"
  dependencies:
    ms "^2.1.1"

denque@^1.1.0:
  version "1.4.0"
  resolved "https://registry.yarnpkg.com/denque/-/denque-1.4.0.tgz#79e2f0490195502107f24d9553f374837dabc916"

ecdsa-sig-formatter@1.0.11:
  version "1.0.11"
  resolved "https://registry.yarnpkg.com/ecdsa-sig-formatter/-/ecdsa-sig-formatter-1.0.11.tgz#ae0f0fa2d85045ef14a817daa3ce9acd0489e5bf"
  dependencies:
    safe-buffer "^5.0.1"

ecurve@^1.0.5:
  version "1.0.6"
  resolved "https://registry.yarnpkg.com/ecurve/-/ecurve-1.0.6.tgz#dfdabbb7149f8d8b78816be5a7d5b83fcf6de797"
  dependencies:
    bigi "^1.1.0"
    safe-buffer "^5.0.1"

eosjs-ecc@4.0.4:
  version "4.0.4"
  resolved "https://registry.yarnpkg.com/eosjs-ecc/-/eosjs-ecc-4.0.4.tgz#431450f30a6f73088ff5d7ba1ebdfe967a5ca4ab"
  dependencies:
    bigi "^1.4.2"
    browserify-aes "^1.0.6"
    bs58 "^4.0.1"
    bytebuffer "^5.0.1"
    create-hash "^1.1.3"
    create-hmac "^1.1.6"
    ecurve "^1.0.5"
    randombytes "^2.0.5"

eosjs@^20.0.0-beta3:
  version "20.0.0-ffffff.0"
  resolved "https://registry.yarnpkg.com/eosjs/-/eosjs-20.0.0-ffffff.0.tgz#7d984a14566c0dcf37510a24f50227e986dc8a77"
  dependencies:
    babel-runtime "6.26.0"
    eosjs-ecc "4.0.4"
    text-encoding "0.7.0"

esm@^3.2.20:
  version "3.2.20"
  resolved "https://registry.yarnpkg.com/esm/-/esm-3.2.20.tgz#44f125117863427cdece7223baa411fc739c1939"

evp_bytestokey@^1.0.3:
  version "1.0.3"
  resolved "https://registry.yarnpkg.com/evp_bytestokey/-/evp_bytestokey-1.0.3.tgz#7fcbdb198dc71959432efe13842684e0525acb02"
  dependencies:
    md5.js "^1.3.4"
    safe-buffer "^5.1.1"

flexbuffer@0.0.6:
  version "0.0.6"
  resolved "https://registry.yarnpkg.com/flexbuffer/-/flexbuffer-0.0.6.tgz#039fdf23f8823e440c38f3277e6fef1174215b30"

h2o2@^6.1.0:
  version "6.1.0"
  resolved "https://registry.yarnpkg.com/h2o2/-/h2o2-6.1.0.tgz#2b2e7fcca0e3665c9497645e3203af99ed9033f1"
  dependencies:
    boom "5.x.x"
    hoek "4.x.x"
    joi "10.x.x"
    wreck "12.x.x"

hapi-cors-headers@^1.0.3:
  version "1.0.3"
  resolved "https://registry.yarnpkg.com/hapi-cors-headers/-/hapi-cors-headers-1.0.3.tgz#856b0a9870f435249492c5a52d2744317a8cc1fd"

hapi@^16.7.0:
  version "16.7.0"
  resolved "https://registry.yarnpkg.com/hapi/-/hapi-16.7.0.tgz#3bb39517971df81e8198ec04751455e8b6cb0871"
  dependencies:
    accept "2.x.x"
    ammo "2.x.x"
    boom "5.x.x"
    call "4.x.x"
    catbox "7.x.x"
    catbox-memory "2.x.x"
    cryptiles "3.x.x"
    heavy "4.x.x"
    hoek "4.x.x"
    iron "4.x.x"
    items "2.x.x"
    joi "11.x.x"
    mimos "3.x.x"
    podium "1.x.x"
    shot "3.x.x"
    somever "1.x.x"
    statehood "5.x.x"
    subtext "5.x.x"
    topo "2.x.x"

hash-base@^3.0.0:
  version "3.0.4"
  resolved "https://registry.yarnpkg.com/hash-base/-/hash-base-3.0.4.tgz#5fc8686847ecd73499403319a6b0a3f3f6ae4918"
  dependencies:
    inherits "^2.0.1"
    safe-buffer "^5.0.1"

heavy@4.x.x:
  version "4.0.4"
  resolved "https://registry.yarnpkg.com/heavy/-/heavy-4.0.4.tgz#36c91336c00ccfe852caa4d153086335cd2f00e9"
  dependencies:
    boom "5.x.x"
    hoek "4.x.x"
    joi "10.x.x"

hoek@4.x.x:
  version "4.2.1"
  resolved "https://registry.yarnpkg.com/hoek/-/hoek-4.2.1.tgz#9634502aa12c445dd5a7c5734b572bb8738aacbb"

hoek@6.x.x:
  version "6.1.2"
  resolved "https://registry.yarnpkg.com/hoek/-/hoek-6.1.2.tgz#99e6d070561839de74ee427b61aa476bd6bddfd6"

inherits@2.0.3, inherits@^2.0.1:
  version "2.0.3"
  resolved "https://registry.yarnpkg.com/inherits/-/inherits-2.0.3.tgz#633c2c83e3da42a502f52466022480f4208261de"

ioredis@^4.9.0:
  version "4.9.0"
  resolved "https://registry.yarnpkg.com/ioredis/-/ioredis-4.9.0.tgz#0c52de498363309ebd48b5f6695d9d432b0f6669"
  dependencies:
    cluster-key-slot "^1.0.6"
    debug "^3.1.0"
    denque "^1.1.0"
    flexbuffer "0.0.6"
    lodash.defaults "^4.2.0"
    lodash.flatten "^4.4.0"
    redis-commands "1.4.0"
    redis-errors "^1.2.0"
    redis-parser "^3.0.0"
    standard-as-callback "^2.0.1"

iron@4.x.x:
  version "4.0.5"
  resolved "https://registry.yarnpkg.com/iron/-/iron-4.0.5.tgz#4f042cceb8b9738f346b59aa734c83a89bc31428"
  dependencies:
    boom "5.x.x"
    cryptiles "3.x.x"
    hoek "4.x.x"

isemail@2.x.x:
  version "2.2.1"
  resolved "https://registry.yarnpkg.com/isemail/-/isemail-2.2.1.tgz#0353d3d9a62951080c262c2aa0a42b8ea8e9e2a6"

isemail@3.x.x:
  version "3.2.0"
  resolved "https://registry.yarnpkg.com/isemail/-/isemail-3.2.0.tgz#59310a021931a9fb06bbb51e155ce0b3f236832c"
  dependencies:
    punycode "2.x.x"

items@2.x.x:
  version "2.1.2"
  resolved "https://registry.yarnpkg.com/items/-/items-2.1.2.tgz#0849354595805d586dac98e7e6e85556ea838558"

joi@10.x.x:
  version "10.6.0"
  resolved "https://registry.yarnpkg.com/joi/-/joi-10.6.0.tgz#52587f02d52b8b75cdb0c74f0b164a191a0e1fc2"
  dependencies:
    hoek "4.x.x"
    isemail "2.x.x"
    items "2.x.x"
    topo "2.x.x"

joi@11.x.x:
  version "11.4.0"
  resolved "https://registry.yarnpkg.com/joi/-/joi-11.4.0.tgz#f674897537b625e9ac3d0b7e1604c828ad913ccb"
  dependencies:
    hoek "4.x.x"
    isemail "3.x.x"
    topo "2.x.x"

joi@12.x.x:
  version "12.0.0"
  resolved "https://registry.yarnpkg.com/joi/-/joi-12.0.0.tgz#46f55e68f4d9628f01bbb695902c8b307ad8d33a"
  dependencies:
    hoek "4.x.x"
    isemail "3.x.x"
    topo "2.x.x"

js-string-escape@^1.0.1:
  version "1.0.1"
  resolved "https://registry.yarnpkg.com/js-string-escape/-/js-string-escape-1.0.1.tgz#e2625badbc0d67c7533e9edc1068c587ae4137ef"

jsonpath-plus@^0.16.0:
  version "0.16.0"
  resolved "https://registry.yarnpkg.com/jsonpath-plus/-/jsonpath-plus-0.16.0.tgz#fe441b23f03ec6979a5603513988cd3edb7db5dc"

jsonschema@^1.2.4:
  version "1.2.4"
  resolved "https://registry.yarnpkg.com/jsonschema/-/jsonschema-1.2.4.tgz#a46bac5d3506a254465bc548876e267c6d0d6464"

jsonwebtoken@^8.5.0:
  version "8.5.1"
  resolved "https://registry.yarnpkg.com/jsonwebtoken/-/jsonwebtoken-8.5.1.tgz#00e71e0b8df54c2121a1f26137df2280673bcc0d"
  dependencies:
    jws "^3.2.2"
    lodash.includes "^4.3.0"
    lodash.isboolean "^3.0.3"
    lodash.isinteger "^4.0.4"
    lodash.isnumber "^3.0.3"
    lodash.isplainobject "^4.0.6"
    lodash.isstring "^4.0.1"
    lodash.once "^4.0.0"
    ms "^2.1.1"
    semver "^5.6.0"

jwa@^1.4.1:
  version "1.4.1"
  resolved "https://registry.yarnpkg.com/jwa/-/jwa-1.4.1.tgz#743c32985cb9e98655530d53641b66c8645b039a"
  dependencies:
    buffer-equal-constant-time "1.0.1"
    ecdsa-sig-formatter "1.0.11"
    safe-buffer "^5.0.1"

jws@^3.2.2:
  version "3.2.2"
  resolved "https://registry.yarnpkg.com/jws/-/jws-3.2.2.tgz#001099f3639468c9414000e99995fa52fb478304"
  dependencies:
    jwa "^1.4.1"
    safe-buffer "^5.0.1"

lodash.defaults@^4.2.0:
  version "4.2.0"
  resolved "https://registry.yarnpkg.com/lodash.defaults/-/lodash.defaults-4.2.0.tgz#d09178716ffea4dde9e5fb7b37f6f0802274580c"

lodash.flatten@^4.4.0:
  version "4.4.0"
  resolved "https://registry.yarnpkg.com/lodash.flatten/-/lodash.flatten-4.4.0.tgz#f31c22225a9632d2bbf8e4addbef240aa765a61f"

lodash.includes@^4.3.0:
  version "4.3.0"
  resolved "https://registry.yarnpkg.com/lodash.includes/-/lodash.includes-4.3.0.tgz#60bb98a87cb923c68ca1e51325483314849f553f"

lodash.isboolean@^3.0.3:
  version "3.0.3"
  resolved "https://registry.yarnpkg.com/lodash.isboolean/-/lodash.isboolean-3.0.3.tgz#6c2e171db2a257cd96802fd43b01b20d5f5870f6"

lodash.isinteger@^4.0.4:
  version "4.0.4"
  resolved "https://registry.yarnpkg.com/lodash.isinteger/-/lodash.isinteger-4.0.4.tgz#619c0af3d03f8b04c31f5882840b77b11cd68343"

lodash.isnumber@^3.0.3:
  version "3.0.3"
  resolved "https://registry.yarnpkg.com/lodash.isnumber/-/lodash.isnumber-3.0.3.tgz#3ce76810c5928d03352301ac287317f11c0b1ffc"

lodash.isplainobject@^4.0.6:
  version "4.0.6"
  resolved "https://registry.yarnpkg.com/lodash.isplainobject/-/lodash.isplainobject-4.0.6.tgz#7c526a52d89b45c45cc690b88163be0497f550cb"

lodash.isstring@^4.0.1:
  version "4.0.1"
  resolved "https://registry.yarnpkg.com/lodash.isstring/-/lodash.isstring-4.0.1.tgz#d527dfb5456eca7cc9bb95d5daeaf88ba54a5451"

lodash.once@^4.0.0:
  version "4.1.1"
  resolved "https://registry.yarnpkg.com/lodash.once/-/lodash.once-4.1.1.tgz#0dd3971213c7c56df880977d504c88fb471a97ac"

long@~3:
  version "3.2.0"
  resolved "https://registry.yarnpkg.com/long/-/long-3.2.0.tgz#d821b7138ca1cb581c172990ef14db200b5c474b"

md5.js@^1.3.4:
  version "1.3.5"
  resolved "https://registry.yarnpkg.com/md5.js/-/md5.js-1.3.5.tgz#b5d07b8e3216e3e27cd728d72f70d1e6a342005f"
  dependencies:
    hash-base "^3.0.0"
    inherits "^2.0.1"
    safe-buffer "^5.1.2"

mime-db@1.x.x:
  version "1.38.0"
  resolved "https://registry.yarnpkg.com/mime-db/-/mime-db-1.38.0.tgz#1a2aab16da9eb167b49c6e4df2d9c68d63d8e2ad"

mimos@3.x.x:
  version "3.0.3"
  resolved "https://registry.yarnpkg.com/mimos/-/mimos-3.0.3.tgz#b9109072ad378c2b72f6a0101c43ddfb2b36641f"
  dependencies:
    hoek "4.x.x"
    mime-db "1.x.x"

ms@^2.1.1:
  version "2.1.1"
  resolved "https://registry.yarnpkg.com/ms/-/ms-2.1.1.tgz#30a5864eb3ebb0a66f2ebe6d727af06a09d86e0a"

nigel@2.x.x:
  version "2.0.2"
  resolved "https://registry.yarnpkg.com/nigel/-/nigel-2.0.2.tgz#93a1866fb0c52d87390aa75e2b161f4b5c75e5b1"
  dependencies:
    hoek "4.x.x"
    vise "2.x.x"

node-fetch@^2.2.0, node-fetch@^2.3.0:
  version "2.3.0"
  resolved "https://registry.yarnpkg.com/node-fetch/-/node-fetch-2.3.0.tgz#1a1d940bbfb916a1d3e0219f037e89e71f8c5fa5"

outdent@^0.7.0:
  version "0.7.0"
  resolved "https://registry.yarnpkg.com/outdent/-/outdent-0.7.0.tgz#cfd1f1956305141e0cf3e898ada6547373c1997a"

pez@2.x.x:
  version "2.1.5"
  resolved "https://registry.yarnpkg.com/pez/-/pez-2.1.5.tgz#5ec2cc62500cc3eb4236d4a414cf5a17b5eb5007"
  dependencies:
    b64 "3.x.x"
    boom "5.x.x"
    content "3.x.x"
    hoek "4.x.x"
    nigel "2.x.x"

podium@1.x.x:
  version "1.3.0"
  resolved "https://registry.yarnpkg.com/podium/-/podium-1.3.0.tgz#3c490f54d16f10f5260cbe98641f1cb733a8851c"
  dependencies:
    hoek "4.x.x"
    items "2.x.x"
    joi "10.x.x"

punycode@2.x.x:
  version "2.1.1"
  resolved "https://registry.yarnpkg.com/punycode/-/punycode-2.1.1.tgz#b58b010ac40c22c5657616c8d2c2c02c7bf479ec"

randombytes@^2.0.5:
  version "2.1.0"
  resolved "https://registry.yarnpkg.com/randombytes/-/randombytes-2.1.0.tgz#df6f84372f0270dc65cdf6291349ab7a473d4f2a"
  dependencies:
    safe-buffer "^5.1.0"

redis-commands@1.4.0:
  version "1.4.0"
  resolved "https://registry.yarnpkg.com/redis-commands/-/redis-commands-1.4.0.tgz#52f9cf99153efcce56a8f86af986bd04e988602f"

redis-errors@^1.0.0, redis-errors@^1.2.0:
  version "1.2.0"
  resolved "https://registry.yarnpkg.com/redis-errors/-/redis-errors-1.2.0.tgz#eb62d2adb15e4eaf4610c04afe1529384250abad"

redis-parser@^3.0.0:
  version "3.0.0"
  resolved "https://registry.yarnpkg.com/redis-parser/-/redis-parser-3.0.0.tgz#b66d828cdcafe6b4b8a428a7def4c6bcac31c8b4"
  dependencies:
    redis-errors "^1.0.0"

regenerator-runtime@^0.11.0:
  version "0.11.1"
  resolved "https://registry.yarnpkg.com/regenerator-runtime/-/regenerator-runtime-0.11.1.tgz#be05ad7f9bf7d22e056f9726cee5017fbf19e2e9"

ripemd160@^2.0.0, ripemd160@^2.0.1:
  version "2.0.2"
  resolved "https://registry.yarnpkg.com/ripemd160/-/ripemd160-2.0.2.tgz#a1c1a6f624751577ba5d07914cbc92850585890c"
  dependencies:
    hash-base "^3.0.0"
    inherits "^2.0.1"

safe-buffer@^5.0.1, safe-buffer@^5.1.0, safe-buffer@^5.1.1, safe-buffer@^5.1.2:
  version "5.1.2"
  resolved "https://registry.yarnpkg.com/safe-buffer/-/safe-buffer-5.1.2.tgz#991ec69d296e0313747d59bdfd2b745c35f8828d"

sandwich-stream@^2.0.1:
  version "2.0.2"
  resolved "https://registry.yarnpkg.com/sandwich-stream/-/sandwich-stream-2.0.2.tgz#6d1feb6cf7e9fe9fadb41513459a72c2e84000fa"

semver@^5.6.0:
  version "5.6.0"
  resolved "https://registry.yarnpkg.com/semver/-/semver-5.6.0.tgz#7e74256fbaa49c75aa7c7a205cc22799cac80004"

serverless-offline@^4.9.2:
  version "4.9.2"
  resolved "https://registry.yarnpkg.com/serverless-offline/-/serverless-offline-4.9.2.tgz#388bd9e2b3b94797bde1b346ee270b3155ca5c1f"
  dependencies:
    boom "^7.3.0"
    cryptiles "^4.1.3"
    h2o2 "^6.1.0"
    hapi "^16.7.0"
    hapi-cors-headers "^1.0.3"
    js-string-escape "^1.0.1"
    jsonpath-plus "^0.16.0"
    jsonschema "^1.2.4"
    jsonwebtoken "^8.5.0"
    trim-newlines "^2.0.0"
    velocityjs "^1.1.3"

sha.js@^2.4.0, sha.js@^2.4.8:
  version "2.4.11"
  resolved "https://registry.yarnpkg.com/sha.js/-/sha.js-2.4.11.tgz#37a5cf0b81ecbc6943de109ba2960d1b26584ae7"
  dependencies:
    inherits "^2.0.1"
    safe-buffer "^5.0.1"

shot@3.x.x:
  version "3.4.2"
  resolved "https://registry.yarnpkg.com/shot/-/shot-3.4.2.tgz#1e5c3f6f2b26649adc42f7eb350214a5a0291d67"
  dependencies:
    hoek "4.x.x"
    joi "10.x.x"

somever@1.x.x:
  version "1.0.1"
  resolved "https://registry.yarnpkg.com/somever/-/somever-1.0.1.tgz#28a5c7de0d55f781af52fbce9960db1b84ce206e"
  dependencies:
    hoek "4.x.x"

standard-as-callback@^2.0.1:
  version "2.0.1"
  resolved "https://registry.yarnpkg.com/standard-as-callback/-/standard-as-callback-2.0.1.tgz#ed8bb25648e15831759b6023bdb87e6b60b38126"

statehood@5.x.x:
  version "5.0.4"
  resolved "https://registry.yarnpkg.com/statehood/-/statehood-5.0.4.tgz#bb5c343c357e3b6a18260c36cde4a282563ca558"
  dependencies:
    boom "5.x.x"
    bourne "1.x.x"
    cryptiles "3.x.x"
    hoek "4.x.x"
    iron "4.x.x"
    items "2.x.x"
    joi "12.x.x"

subtext@5.x.x:
  version "5.0.1"
  resolved "https://registry.yarnpkg.com/subtext/-/subtext-5.0.1.tgz#3ba39c93260e2e2ee1eddcde371be9d5fbe88861"
  dependencies:
    boom "5.x.x"
    bourne "1.x.x"
    content "3.x.x"
    hoek "4.x.x"
    pez "2.x.x"
    wreck "12.x.x"

telegraf@^3.27.1:
  version "3.27.1"
  resolved "https://registry.yarnpkg.com/telegraf/-/telegraf-3.27.1.tgz#67fbd87a6b4f414a204820f8cb30160e2078b39c"
  dependencies:
    "@types/node" "^10.1.2"
    debug "^4.0.1"
    node-fetch "^2.2.0"
    sandwich-stream "^2.0.1"
    telegram-typings "^3.6.0"

telegram-typings@^3.6.0:
  version "3.6.1"
  resolved "https://registry.yarnpkg.com/telegram-typings/-/telegram-typings-3.6.1.tgz#1288d547f8694b61f1c01c2993e295f3114d9e25"

text-encoding@0.7.0:
  version "0.7.0"
  resolved "https://registry.yarnpkg.com/text-encoding/-/text-encoding-0.7.0.tgz#f895e836e45990624086601798ea98e8f36ee643"

topo@2.x.x:
  version "2.0.2"
  resolved "https://registry.yarnpkg.com/topo/-/topo-2.0.2.tgz#cd5615752539057c0dc0491a621c3bc6fbe1d182"
  dependencies:
    hoek "4.x.x"

trim-newlines@^2.0.0:
  version "2.0.0"
  resolved "https://registry.yarnpkg.com/trim-newlines/-/trim-newlines-2.0.0.tgz#b403d0b91be50c331dfc4b82eeceb22c3de16d20"

util@^0.11.1:
  version "0.11.1"
  resolved "https://registry.yarnpkg.com/util/-/util-0.11.1.tgz#3236733720ec64bb27f6e26f421aaa2e1b588d61"
  dependencies:
    inherits "2.0.3"

velocityjs@^1.1.3:
  version "1.1.3"
  resolved "https://registry.yarnpkg.com/velocityjs/-/velocityjs-1.1.3.tgz#28c69ee90ed288749d95ac001c09bf4ffecc1c8a"

vise@2.x.x:
  version "2.0.2"
  resolved "https://registry.yarnpkg.com/vise/-/vise-2.0.2.tgz#6b08e8fb4cb76e3a50cd6dd0ec37338e811a0d39"
  dependencies:
    hoek "4.x.x"

wreck@12.x.x:
  version "12.5.1"
  resolved "https://registry.yarnpkg.com/wreck/-/wreck-12.5.1.tgz#cd2ffce167449e1f0242ed9cf80552e20fb6902a"
  dependencies:
    boom "5.x.x"
    hoek "4.x.x"
